
Microsoft Visual Studio Solution File, Format Version 12.00
# Visual Studio Version 17
VisualStudioVersion = 17.8.34408.163
MinimumVisualStudioVersion = 10.0.40219.1
Project("{9A19103F-16F7-4668-BE54-9A1E7A4F7556}") = "HealthHub_API", "HealthHub_API.csproj", "{5CE1AD21-9392-43AD-8A5A-D3E9129A22B5}"
EndProject
Project("{FAE04EC0-301F-11D3-BF4B-00C04F79EFBC}") = "HealthHub_MVC", "..\HealthHub_MVC\HealthHub_MVC.csproj", "{6BECD19B-C59E-4AC3-BCA3-A28033C19EAF}"
EndProject
Global
	GlobalSection(SolutionConfigurationPlatforms) = preSolution
		Debug|Any CPU = Debug|Any CPU
		Release|Any CPU = Release|Any CPU
	EndGlobalSection
	GlobalSection(ProjectConfigurationPlatforms) = postSolution
		{5CE1AD21-9392-43AD-8A5A-D3E9129A22B5}.Debug|Any CPU.ActiveCfg = Debug|Any CPU
		{5CE1AD21-9392-43AD-8A5A-D3E9129A22B5}.Debug|Any CPU.Build.0 = Debug|Any CPU
		{5CE1AD21-9392-43AD-8A5A-D3E9129A22B5}.Release|Any CPU.ActiveCfg = Release|Any CPU
		{5CE1AD21-9392-43AD-8A5A-D3E9129A22B5}.Release|Any CPU.Build.0 = Release|Any CPU
		{6BECD19B-C59E-4AC3-BCA3-A28033C19EAF}.Debug|Any CPU.ActiveCfg = Debug|Any CPU
		{6BECD19B-C59E-4AC3-BCA3-A28033C19EAF}.Debug|Any CPU.Build.0 = Debug|Any CPU
		{6BECD19B-C59E-4AC3-BCA3-A28033C19EAF}.Release|Any CPU.ActiveCfg = Release|Any CPU
		{6BECD19B-C59E-4AC3-BCA3-A28033C19EAF}.Release|Any CPU.Build.0 = Release|Any CPU
	EndGlobalSection
	GlobalSection(SolutionProperties) = preSolution
		HideSolutionNode = FALSE
	EndGlobalSection
	GlobalSection(ExtensibilityGlobals) = postSolution
		SolutionGuid = {AB24212D-D238-4AC8-9EEC-42180E9938EA}
	EndGlobalSection
EndGlobal
